// !$*UTF8*$!
{
	archiveVersion = 1;
	classes = {
	};
	objectVersion = 48;
	objects = {

/* Begin PBXBuildFile section */
		E21047712020E71E004C2D55 /* AppDelegate.swift in Sources */ = {isa = PBXBuildFile; fileRef = E21047702020E71E004C2D55 /* AppDelegate.swift */; };
		E21047732020E71E004C2D55 /* ViewController.swift in Sources */ = {isa = PBXBuildFile; fileRef = E21047722020E71E004C2D55 /* ViewController.swift */; };
		E21047762020E71E004C2D55 /* Main.storyboard in Resources */ = {isa = PBXBuildFile; fileRef = E21047742020E71E004C2D55 /* Main.storyboard */; };
		E21047782020E71E004C2D55 /* Assets.xcassets in Resources */ = {isa = PBXBuildFile; fileRef = E21047772020E71E004C2D55 /* Assets.xcassets */; };
		E210477B2020E71E004C2D55 /* LaunchScreen.storyboard in Resources */ = {isa = PBXBuildFile; fileRef = E21047792020E71E004C2D55 /* LaunchScreen.storyboard */; };
		E21047862020E8C4004C2D55 /* Pods_SampleSwiftPods.framework in Frameworks */ = {isa = PBXBuildFile; fileRef = E21047872020E8C4004C2D55 /* Pods_SampleSwiftPods.framework */; };
/* End PBXBuildFile section */

/* Begin PBXFileReference section */
		49FEE2A23BD4B34251193DE0 /* Pods_SampleSwiftPods.framework */ = {isa = PBXFileReference; explicitFileType = wrapper.framework; includeInIndex = 0; path = Pods_SampleSwiftPods.framework; sourceTree = BUILT_PRODUCTS_DIR; };
		8504C8A0306872BD1F3A08B2 /* Pods-SampleSwiftPods.debug.xcconfig */ = {isa = PBXFileReference; includeInIndex = 1; lastKnownFileType = text.xcconfig; name = "Pods-SampleSwiftPods.debug.xcconfig"; path = "Pods/Target Support Files/Pods-SampleSwiftPods/Pods-SampleSwiftPods.debug.xcconfig"; sourceTree = "<group>"; };
		E210476D2020E71E004C2D55 /* SampleSwiftPods.app */ = {isa = PBXFileReference; explicitFileType = wrapper.application; includeInIndex = 0; path = SampleSwiftPods.app; sourceTree = BUILT_PRODUCTS_DIR; };
		E21047702020E71E004C2D55 /* AppDelegate.swift */ = {isa = PBXFileReference; lastKnownFileType = sourcecode.swift; path = AppDelegate.swift; sourceTree = "<group>"; };
		E21047722020E71E004C2D55 /* ViewController.swift */ = {isa = PBXFileReference; lastKnownFileType = sourcecode.swift; path = ViewController.swift; sourceTree = "<group>"; };
		E21047752020E71E004C2D55 /* Base */ = {isa = PBXFileReference; lastKnownFileType = file.storyboard; name = Base; path = Base.lproj/Main.storyboard; sourceTree = "<group>"; };
		E21047772020E71E004C2D55 /* Assets.xcassets */ = {isa = PBXFileReference; lastKnownFileType = folder.assetcatalog; path = Assets.xcassets; sourceTree = "<group>"; };
		E210477A2020E71E004C2D55 /* Base */ = {isa = PBXFileReference; lastKnownFileType = file.storyboard; name = Base; path = Base.lproj/LaunchScreen.storyboard; sourceTree = "<group>"; };
		E210477C2020E71E004C2D55 /* Info.plist */ = {isa = PBXFileReference; lastKnownFileType = text.plist.xml; path = Info.plist; sourceTree = "<group>"; };
		E21047872020E8C4004C2D55 /* Pods_SampleSwiftPods.framework */ = {isa = PBXFileReference; explicitFileType = wrapper.framework; path = Pods_SampleSwiftPods.framework; sourceTree = BUILT_PRODUCTS_DIR; };
		ECD678A2BA0E76587ABC01E1 /* Pods-SampleSwiftPods.release.xcconfig */ = {isa = PBXFileReference; includeInIndex = 1; lastKnownFileType = text.xcconfig; name = "Pods-SampleSwiftPods.release.xcconfig"; path = "Pods/Target Support Files/Pods-SampleSwiftPods/Pods-SampleSwiftPods.release.xcconfig"; sourceTree = "<group>"; };
/* End PBXFileReference section */

/* Begin PBXFrameworksBuildPhase section */
		E210476A2020E71E004C2D55 /* Frameworks */ = {
			isa = PBXFrameworksBuildPhase;
			buildActionMask = 2147483647;
			files = (
				E21047862020E8C4004C2D55 /* Pods_SampleSwiftPods.framework in Frameworks */,
			);
			runOnlyForDeploymentPostprocessing = 0;
		};
/* End PBXFrameworksBuildPhase section */

/* Begin PBXGroup section */
		761FA749182CAF1E5F8F86E5 /* Pods */ = {
			isa = PBXGroup;
			children = (
				8504C8A0306872BD1F3A08B2 /* Pods-SampleSwiftPods.debug.xcconfig */,
				ECD678A2BA0E76587ABC01E1 /* Pods-SampleSwiftPods.release.xcconfig */,
			);
			name = Pods;
			sourceTree = "<group>";
		};
		A68F90B9259650A300BAE394 /* Frameworks */ = {
			isa = PBXGroup;
			children = (
				E21047872020E8C4004C2D55 /* Pods_SampleSwiftPods.framework */,
				49FEE2A23BD4B34251193DE0 /* Pods_SampleSwiftPods.framework */,
			);
			name = Frameworks;
			sourceTree = "<group>";
		};
		E21047642020E71E004C2D55 = {
			isa = PBXGroup;
			children = (
				E210476F2020E71E004C2D55 /* SampleSwiftPods */,
				E210476E2020E71E004C2D55 /* Products */,
				761FA749182CAF1E5F8F86E5 /* Pods */,
				A68F90B9259650A300BAE394 /* Frameworks */,
			);
			sourceTree = "<group>";
		};
		E210476E2020E71E004C2D55 /* Products */ = {
			isa = PBXGroup;
			children = (
				E210476D2020E71E004C2D55 /* SampleSwiftPods.app */,
			);
			name = Products;
			sourceTree = "<group>";
		};
		E210476F2020E71E004C2D55 /* SampleSwiftPods */ = {
			isa = PBXGroup;
			children = (
				E21047702020E71E004C2D55 /* AppDelegate.swift */,
				E21047722020E71E004C2D55 /* ViewController.swift */,
				E21047742020E71E004C2D55 /* Main.storyboard */,
				E21047772020E71E004C2D55 /* Assets.xcassets */,
				E21047792020E71E004C2D55 /* LaunchScreen.storyboard */,
				E210477C2020E71E004C2D55 /* Info.plist */,
			);
			path = SampleSwiftPods;
			sourceTree = "<group>";
		};
/* End PBXGroup section */

/* Begin PBXNativeTarget section */
		E210476C2020E71E004C2D55 /* SampleSwiftPods */ = {
			isa = PBXNativeTarget;
			buildConfigurationList = E210477F2020E71E004C2D55 /* Build configuration list for PBXNativeTarget "SampleSwiftPods" */;
			buildPhases = (
				1379498A6FBE4752E63F16DA /* [CP] Check Pods Manifest.lock */,
				E21047692020E71E004C2D55 /* Sources */,
				E210476A2020E71E004C2D55 /* Frameworks */,
				E210476B2020E71E004C2D55 /* Resources */,
				BDED70DF89AF10D260D11164 /* [CP] Embed Pods Frameworks */,
				8FE447A1E1FEDEA135F55BCC /* [CP] Copy Pods Resources */,
			);
			buildRules = (
			);
			dependencies = (
			);
			name = SampleSwiftPods;
			productName = SampleSwiftPods;
			productReference = E210476D2020E71E004C2D55 /* SampleSwiftPods.app */;
			productType = "com.apple.product-type.application";
		};
/* End PBXNativeTarget section */

/* Begin PBXProject section */
		E21047652020E71E004C2D55 /* Project object */ = {
			isa = PBXProject;
			attributes = {
				LastSwiftUpdateCheck = 0920;
				LastUpgradeCheck = 0920;
				ORGANIZATIONNAME = "GD Mobile GmbH";
				TargetAttributes = {
					E210476C2020E71E004C2D55 = {
						CreatedOnToolsVersion = 9.2;
						ProvisioningStyle = Automatic;
					};
				};
			};
			buildConfigurationList = E21047682020E71E004C2D55 /* Build configuration list for PBXProject "SampleSwiftPods" */;
			compatibilityVersion = "Xcode 8.0";
			developmentRegion = en;
			hasScannedForEncodings = 0;
			knownRegions = (
				en,
				Base,
			);
			mainGroup = E21047642020E71E004C2D55;
			productRefGroup = E210476E2020E71E004C2D55 /* Products */;
			projectDirPath = "";
			projectRoot = "";
			targets = (
				E210476C2020E71E004C2D55 /* SampleSwiftPods */,
			);
		};
/* End PBXProject section */

/* Begin PBXResourcesBuildPhase section */
		E210476B2020E71E004C2D55 /* Resources */ = {
			isa = PBXResourcesBuildPhase;
			buildActionMask = 2147483647;
			files = (
				E210477B2020E71E004C2D55 /* LaunchScreen.storyboard in Resources */,
				E21047782020E71E004C2D55 /* Assets.xcassets in Resources */,
				E21047762020E71E004C2D55 /* Main.storyboard in Resources */,
			);
			runOnlyForDeploymentPostprocessing = 0;
		};
/* End PBXResourcesBuildPhase section */

/* Begin PBXShellScriptBuildPhase section */
		1379498A6FBE4752E63F16DA /* [CP] Check Pods Manifest.lock */ = {
			isa = PBXShellScriptBuildPhase;
			buildActionMask = 2147483647;
			files = (
			);
			inputPaths = (
				"${PODS_PODFILE_DIR_PATH}/Podfile.lock",
				"${PODS_ROOT}/Manifest.lock",
			);
			name = "[CP] Check Pods Manifest.lock";
			outputPaths = (
				"$(DERIVED_FILE_DIR)/Pods-SampleSwiftPods-checkManifestLockResult.txt",
			);
			runOnlyForDeploymentPostprocessing = 0;
			shellPath = /bin/sh;
			shellScript = "diff \"${PODS_PODFILE_DIR_PATH}/Podfile.lock\" \"${PODS_ROOT}/Manifest.lock\" > /dev/null\nif [ $? != 0 ] ; then\n    # print error to STDERR\n    echo \"error: The sandbox is not in sync with the Podfile.lock. Run 'pod install' or update your CocoaPods installation.\" >&2\n    exit 1\nfi\n# This output is used by Xcode 'outputs' to avoid re-running this script phase.\necho \"SUCCESS\" > \"${SCRIPT_OUTPUT_FILE_0}\"\n";
			showEnvVarsInLog = 0;
		};
		8FE447A1E1FEDEA135F55BCC /* [CP] Copy Pods Resources */ = {
			isa = PBXShellScriptBuildPhase;
			buildActionMask = 2147483647;
			files = (
			);
			inputPaths = (
			);
			name = "[CP] Copy Pods Resources";
			outputPaths = (
			);
			runOnlyForDeploymentPostprocessing = 0;
			shellPath = /bin/sh;
			shellScript = "\"${SRCROOT}/Pods/Target Support Files/Pods-SampleSwiftPods/Pods-SampleSwiftPods-resources.sh\"\n";
			showEnvVarsInLog = 0;
		};
		BDED70DF89AF10D260D11164 /* [CP] Embed Pods Frameworks */ = {
			isa = PBXShellScriptBuildPhase;
			buildActionMask = 2147483647;
			files = (
			);
			inputPaths = (
				"${SRCROOT}/Pods/Target Support Files/Pods-SampleSwiftPods/Pods-SampleSwiftPods-frameworks.sh",
				"${BUILT_PRODUCTS_DIR}/AnnecyMediaSDK/AnnecyMediaSDK.framework",
			);
			name = "[CP] Embed Pods Frameworks";
			outputPaths = (
				"${TARGET_BUILD_DIR}/${FRAMEWORKS_FOLDER_PATH}/AnnecyMediaSDK.framework",
			);
			runOnlyForDeploymentPostprocessing = 0;
			shellPath = /bin/sh;
			shellScript = "\"${SRCROOT}/Pods/Target Support Files/Pods-SampleSwiftPods/Pods-SampleSwiftPods-frameworks.sh\"\n";
			showEnvVarsInLog = 0;
		};
/* End PBXShellScriptBuildPhase section */

/* Begin PBXSourcesBuildPhase section */
		E21047692020E71E004C2D55 /* Sources */ = {
			isa = PBXSourcesBuildPhase;
			buildActionMask = 2147483647;
			files = (
				E21047732020E71E004C2D55 /* ViewController.swift in Sources */,
				E21047712020E71E004C2D55 /* AppDelegate.swift in Sources */,
			);
			runOnlyForDeploymentPostprocessing = 0;
		};
/* End PBXSourcesBuildPhase section */

/* Begin PBXVariantGroup section */
		E21047742020E71E004C2D55 /* Main.storyboard */ = {
			isa = PBXVariantGroup;
			children = (
				E21047752020E71E004C2D55 /* Base */,
			);
			name = Main.storyboard;
			sourceTree = "<group>";
		};
		E21047792020E71E004C2D55 /* LaunchScreen.storyboard */ = {
			isa = PBXVariantGroup;
			children = (
				E210477A2020E71E004C2D55 /* Base */,
			);
			name = LaunchScreen.storyboard;
			sourceTree = "<group>";
		};
/* End PBXVariantGroup section */

/* Begin XCBuildConfiguration section */
		E210477D2020E71E004C2D55 /* Debug */ = {
			isa = XCBuildConfiguration;
			buildSettings = {
				ALWAYS_SEARCH_USER_PATHS = NO;
				CLANG_ANALYZER_NONNULL = YES;
				CLANG_ANALYZER_NUMBER_OBJECT_CONVERSION = YES_AGGRESSIVE;
				CLANG_CXX_LANGUAGE_STANDARD = "gnu++14";
				CLANG_CXX_LIBRARY = "libc++";
				CLANG_ENABLE_MODULES = YES;
				CLANG_ENABLE_OBJC_ARC = YES;
				CLANG_WARN_BLOCK_CAPTURE_AUTORELEASING = YES;
				CLANG_WARN_BOOL_CONVERSION = YES;
				CLANG_WARN_COMMA = YES;
				CLANG_WARN_CONSTANT_CONVERSION = YES;
				CLANG_WARN_DIRECT_OBJC_ISA_USAGE = YES_ERROR;
				CLANG_WARN_DOCUMENTATION_COMMENTS = YES;
				CLANG_WARN_EMPTY_BODY = YES;
				CLANG_WARN_ENUM_CONVERSION = YES;
				CLANG_WARN_INFINITE_RECURSION = YES;
				CLANG_WARN_INT_CONVERSION = YES;
				CLANG_WARN_NON_LITERAL_NULL_CONVERSION = YES;
				CLANG_WARN_OBJC_LITERAL_CONVERSION = YES;
				CLANG_WARN_OBJC_ROOT_CLASS = YES_ERROR;
				CLANG_WARN_RANGE_LOOP_ANALYSIS = YES;
				CLANG_WARN_STRICT_PROTOTYPES = YES;
				CLANG_WARN_SUSPICIOUS_MOVE = YES;
				CLANG_WARN_UNGUARDED_AVAILABILITY = YES_AGGRESSIVE;
				CLANG_WARN_UNREACHABLE_CODE = YES;
				CLANG_WARN__DUPLICATE_METHOD_MATCH = YES;
				CODE_SIGN_IDENTITY = "iPhone Developer";
				COPY_PHASE_STRIP = NO;
				DEBUG_INFORMATION_FORMAT = dwarf;
				ENABLE_STRICT_OBJC_MSGSEND = YES;
				ENABLE_TESTABILITY = YES;
				GCC_C_LANGUAGE_STANDARD = gnu11;
				GCC_DYNAMIC_NO_PIC = NO;
				GCC_NO_COMMON_BLOCKS = YES;
				GCC_OPTIMIZATION_LEVEL = 0;
				GCC_PREPROCESSOR_DEFINITIONS = (
					"DEBUG=1",
					"$(inherited)",
				);
				GCC_WARN_64_TO_32_BIT_CONVERSION = YES;
				GCC_WARN_ABOUT_RETURN_TYPE = YES_ERROR;
				GCC_WARN_UNDECLARED_SELECTOR = YES;
				GCC_WARN_UNINITIALIZED_AUTOS = YES_AGGRESSIVE;
				GCC_WARN_UNUSED_FUNCTION = YES;
				GCC_WARN_UNUSED_VARIABLE = YES;
				IPHONEOS_DEPLOYMENT_TARGET = 11.2;
				MTL_ENABLE_DEBUG_INFO = YES;
				ONLY_ACTIVE_ARCH = YES;
				SDKROOT = iphoneos;
				SWIFT_ACTIVE_COMPILATION_CONDITIONS = DEBUG;
				SWIFT_OPTIMIZATION_LEVEL = "-Onone";
			};
			name = Debug;
		};
		E210477E2020E71E004C2D55 /* Release */ = {
			isa = XCBuildConfiguration;
			buildSettings = {
				ALWAYS_SEARCH_USER_PATHS = NO;
				CLANG_ANALYZER_NONNULL = YES;
				CLANG_ANALYZER_NUMBER_OBJECT_CONVERSION = YES_AGGRESSIVE;
				CLANG_CXX_LANGUAGE_STANDARD = "gnu++14";
				CLANG_CXX_LIBRARY = "libc++";
				CLANG_ENABLE_MODULES = YES;
				CLANG_ENABLE_OBJC_ARC = YES;
				CLANG_WARN_BLOCK_CAPTURE_AUTORELEASING = YES;
				CLANG_WARN_BOOL_CONVERSION = YES;
				CLANG_WARN_COMMA = YES;
				CLANG_WARN_CONSTANT_CONVERSION = YES;
				CLANG_WARN_DIRECT_OBJC_ISA_USAGE = YES_ERROR;
				CLANG_WARN_DOCUMENTATION_COMMENTS = YES;
				CLANG_WARN_EMPTY_BODY = YES;
				CLANG_WARN_ENUM_CONVERSION = YES;
				CLANG_WARN_INFINITE_RECURSION = YES;
				CLANG_WARN_INT_CONVERSION = YES;
				CLANG_WARN_NON_LITERAL_NULL_CONVERSION = YES;
				CLANG_WARN_OBJC_LITERAL_CONVERSION = YES;
				CLANG_WARN_OBJC_ROOT_CLASS = YES_ERROR;
				CLANG_WARN_RANGE_LOOP_ANALYSIS = YES;
				CLANG_WARN_STRICT_PROTOTYPES = YES;
				CLANG_WARN_SUSPICIOUS_MOVE = YES;
				CLANG_WARN_UNGUARDED_AVAILABILITY = YES_AGGRESSIVE;
				CLANG_WARN_UNREACHABLE_CODE = YES;
				CLANG_WARN__DUPLICATE_METHOD_MATCH = YES;
				CODE_SIGN_IDENTITY = "iPhone Developer";
				COPY_PHASE_STRIP = NO;
				DEBUG_INFORMATION_FORMAT = "dwarf-with-dsym";
				ENABLE_NS_ASSERTIONS = NO;
				ENABLE_STRICT_OBJC_MSGSEND = YES;
				GCC_C_LANGUAGE_STANDARD = gnu11;
				GCC_NO_COMMON_BLOCKS = YES;
				GCC_WARN_64_TO_32_BIT_CONVERSION = YES;
				GCC_WARN_ABOUT_RETURN_TYPE = YES_ERROR;
				GCC_WARN_UNDECLARED_SELECTOR = YES;
				GCC_WARN_UNINITIALIZED_AUTOS = YES_AGGRESSIVE;
				GCC_WARN_UNUSED_FUNCTION = YES;
				GCC_WARN_UNUSED_VARIABLE = YES;
				IPHONEOS_DEPLOYMENT_TARGET = 11.2;
				MTL_ENABLE_DEBUG_INFO = NO;
				SDKROOT = iphoneos;
				SWIFT_OPTIMIZATION_LEVEL = "-Owholemodule";
				VALIDATE_PRODUCT = YES;
			};
			name = Release;
		};
		E21047802020E71E004C2D55 /* Debug */ = {
			isa = XCBuildConfiguration;
			baseConfigurationReference = 8504C8A0306872BD1F3A08B2 /* Pods-SampleSwiftPods.debug.xcconfig */;
			buildSettings = {
				ASSETCATALOG_COMPILER_APPICON_NAME = AppIcon;
				CODE_SIGN_STYLE = Automatic;
				INFOPLIST_FILE = SampleSwiftPods/Info.plist;
				LD_RUNPATH_SEARCH_PATHS = "$(inherited) @executable_path/Frameworks";
				PRODUCT_BUNDLE_IDENTIFIER = media.annecy.SampleSwiftPods;
				PRODUCT_NAME = "$(TARGET_NAME)";
				SWIFT_VERSION = 4.0;
				TARGETED_DEVICE_FAMILY = "1,2";
			};
			name = Debug;
		};
		E21047812020E71E004C2D55 /* Release */ = {
			isa = XCBuildConfiguration;
			baseConfigurationReference = ECD678A2BA0E76587ABC01E1 /* Pods-SampleSwiftPods.release.xcconfig */;
			buildSettings = {
				ASSETCATALOG_COMPILER_APPICON_NAME = AppIcon;
				CODE_SIGN_STYLE = Automatic;
				INFOPLIST_FILE = SampleSwiftPods/Info.plist;
				LD_RUNPATH_SEARCH_PATHS = "$(inherited) @executable_path/Frameworks";
				PRODUCT_BUNDLE_IDENTIFIER = media.annecy.SampleSwiftPods;
				PRODUCT_NAME = "$(TARGET_NAME)";
				SWIFT_VERSION = 4.0;
				TARGETED_DEVICE_FAMILY = "1,2";
			};
			name = Release;
		};
/* End XCBuildConfiguration section */

/* Begin XCConfigurationList section */
		E21047682020E71E004C2D55 /* Build configuration list for PBXProject "SampleSwiftPods" */ = {
			isa = XCConfigurationList;
			buildConfigurations = (
				E210477D2020E71E004C2D55 /* Debug */,
				E210477E2020E71E004C2D55 /* Release */,
			);
			defaultConfigurationIsVisible = 0;
			defaultConfigurationName = Release;
		};
		E210477F2020E71E004C2D55 /* Build configuration list for PBXNativeTarget "SampleSwiftPods" */ = {
			isa = XCConfigurationList;
			buildConfigurations = (
				E21047802020E71E004C2D55 /* Debug */,
				E21047812020E71E004C2D55 /* Release */,
			);
			defaultConfigurationIsVisible = 0;
			defaultConfigurationName = Release;
		};
/* End XCConfigurationList section */
	};
	rootObject = E21047652020E71E004C2D55 /* Project object */;
}
