PODS:
  - AnnecyMediaSDK (0.0.1)

DEPENDENCIES:
  - AnnecyMediaSDK (from `https://github.com/gdmobile/annecy-media-ios-sdk.git`)

EXTERNAL SOURCES:
  AnnecyMediaSDK:
    :git: https://github.com/gdmobile/annecy-media-ios-sdk.git

CHECKOUT OPTIONS:
  AnnecyMediaSDK:
    :commit: db70629921671c98b1ae29ece7f13cec209443a3
    :git: https://github.com/gdmobile/annecy-media-ios-sdk.git

SPEC CHECKSUMS:
  AnnecyMediaSDK: 88803392ae0563965fa6da105594c5faabd3dbb3

PODFILE CHECKSUM: 7c8deeda5ab493ebae9cabd6d9de93fbbc49fe95

COCOAPODS: 1.4.0
