// !$*UTF8*$!
{
	archiveVersion = 1;
	classes = {
	};
	objectVersion = 48;
	objects = {

/* Begin PBXBuildFile section */
		E220C66B2020C4FE003DBEE5 /* AppDelegate.m in Sources */ = {isa = PBXBuildFile; fileRef = E220C66A2020C4FE003DBEE5 /* AppDelegate.m */; };
		E220C66E2020C4FE003DBEE5 /* ViewController.m in Sources */ = {isa = PBXBuildFile; fileRef = E220C66D2020C4FE003DBEE5 /* ViewController.m */; };
		E220C6712020C4FE003DBEE5 /* Main.storyboard in Resources */ = {isa = PBXBuildFile; fileRef = E220C66F2020C4FE003DBEE5 /* Main.storyboard */; };
		E220C6732020C4FE003DBEE5 /* Assets.xcassets in Resources */ = {isa = PBXBuildFile; fileRef = E220C6722020C4FE003DBEE5 /* Assets.xcassets */; };
		E220C6762020C4FE003DBEE5 /* LaunchScreen.storyboard in Resources */ = {isa = PBXBuildFile; fileRef = E220C6742020C4FE003DBEE5 /* LaunchScreen.storyboard */; };
		E220C6792020C4FE003DBEE5 /* main.m in Sources */ = {isa = PBXBuildFile; fileRef = E220C6782020C4FE003DBEE5 /* main.m */; };
		E220C6852020C55E003DBEE5 /* AnnecyMediaSDK.framework in Frameworks */ = {isa = PBXBuildFile; fileRef = E220C6842020C517003DBEE5 /* AnnecyMediaSDK.framework */; };
		E220C6862020C55E003DBEE5 /* AnnecyMediaSDK.framework in Embed Frameworks */ = {isa = PBXBuildFile; fileRef = E220C6842020C517003DBEE5 /* AnnecyMediaSDK.framework */; settings = {ATTRIBUTES = (CodeSignOnCopy, RemoveHeadersOnCopy, ); }; };
/* End PBXBuildFile section */

/* Begin PBXContainerItemProxy section */
		E220C6832020C517003DBEE5 /* PBXContainerItemProxy */ = {
			isa = PBXContainerItemProxy;
			containerPortal = E220C67F2020C516003DBEE5 /* AnnecyMediaSDK.xcodeproj */;
			proxyType = 2;
			remoteGlobalIDString = E220C5F02020A2EC003DBEE5;
			remoteInfo = AnnecyMediaSDK;
		};
		E220C6872020C55E003DBEE5 /* PBXContainerItemProxy */ = {
			isa = PBXContainerItemProxy;
			containerPortal = E220C67F2020C516003DBEE5 /* AnnecyMediaSDK.xcodeproj */;
			proxyType = 1;
			remoteGlobalIDString = E220C5EF2020A2EC003DBEE5;
			remoteInfo = AnnecyMediaSDK;
		};
/* End PBXContainerItemProxy section */

/* Begin PBXCopyFilesBuildPhase section */
		E220C6892020C55E003DBEE5 /* Embed Frameworks */ = {
			isa = PBXCopyFilesBuildPhase;
			buildActionMask = 2147483647;
			dstPath = "";
			dstSubfolderSpec = 10;
			files = (
				E220C6862020C55E003DBEE5 /* AnnecyMediaSDK.framework in Embed Frameworks */,
			);
			name = "Embed Frameworks";
			runOnlyForDeploymentPostprocessing = 0;
		};
/* End PBXCopyFilesBuildPhase section */

/* Begin PBXFileReference section */
		E220C6662020C4FE003DBEE5 /* SampleProjectObjectiveC.app */ = {isa = PBXFileReference; explicitFileType = wrapper.application; includeInIndex = 0; path = SampleProjectObjectiveC.app; sourceTree = BUILT_PRODUCTS_DIR; };
		E220C6692020C4FE003DBEE5 /* AppDelegate.h */ = {isa = PBXFileReference; lastKnownFileType = sourcecode.c.h; path = AppDelegate.h; sourceTree = "<group>"; };
		E220C66A2020C4FE003DBEE5 /* AppDelegate.m */ = {isa = PBXFileReference; lastKnownFileType = sourcecode.c.objc; path = AppDelegate.m; sourceTree = "<group>"; };
		E220C66C2020C4FE003DBEE5 /* ViewController.h */ = {isa = PBXFileReference; lastKnownFileType = sourcecode.c.h; path = ViewController.h; sourceTree = "<group>"; };
		E220C66D2020C4FE003DBEE5 /* ViewController.m */ = {isa = PBXFileReference; lastKnownFileType = sourcecode.c.objc; path = ViewController.m; sourceTree = "<group>"; };
		E220C6702020C4FE003DBEE5 /* Base */ = {isa = PBXFileReference; lastKnownFileType = file.storyboard; name = Base; path = Base.lproj/Main.storyboard; sourceTree = "<group>"; };
		E220C6722020C4FE003DBEE5 /* Assets.xcassets */ = {isa = PBXFileReference; lastKnownFileType = folder.assetcatalog; path = Assets.xcassets; sourceTree = "<group>"; };
		E220C6752020C4FE003DBEE5 /* Base */ = {isa = PBXFileReference; lastKnownFileType = file.storyboard; name = Base; path = Base.lproj/LaunchScreen.storyboard; sourceTree = "<group>"; };
		E220C6772020C4FE003DBEE5 /* Info.plist */ = {isa = PBXFileReference; lastKnownFileType = text.plist.xml; path = Info.plist; sourceTree = "<group>"; };
		E220C6782020C4FE003DBEE5 /* main.m */ = {isa = PBXFileReference; lastKnownFileType = sourcecode.c.objc; path = main.m; sourceTree = "<group>"; };
		E220C67F2020C516003DBEE5 /* AnnecyMediaSDK.xcodeproj */ = {isa = PBXFileReference; lastKnownFileType = "wrapper.pb-project"; name = AnnecyMediaSDK.xcodeproj; path = ../AnnecyMediaSDK/AnnecyMediaSDK.xcodeproj; sourceTree = "<group>"; };
/* End PBXFileReference section */

/* Begin PBXFrameworksBuildPhase section */
		E220C6632020C4FE003DBEE5 /* Frameworks */ = {
			isa = PBXFrameworksBuildPhase;
			buildActionMask = 2147483647;
			files = (
				E220C6852020C55E003DBEE5 /* AnnecyMediaSDK.framework in Frameworks */,
			);
			runOnlyForDeploymentPostprocessing = 0;
		};
/* End PBXFrameworksBuildPhase section */

/* Begin PBXGroup section */
		E220C65D2020C4FE003DBEE5 = {
			isa = PBXGroup;
			children = (
				E220C67F2020C516003DBEE5 /* AnnecyMediaSDK.xcodeproj */,
				E220C6682020C4FE003DBEE5 /* SampleProjectObjectiveC */,
				E220C6672020C4FE003DBEE5 /* Products */,
			);
			sourceTree = "<group>";
		};
		E220C6672020C4FE003DBEE5 /* Products */ = {
			isa = PBXGroup;
			children = (
				E220C6662020C4FE003DBEE5 /* SampleProjectObjectiveC.app */,
			);
			name = Products;
			sourceTree = "<group>";
		};
		E220C6682020C4FE003DBEE5 /* SampleProjectObjectiveC */ = {
			isa = PBXGroup;
			children = (
				E220C6692020C4FE003DBEE5 /* AppDelegate.h */,
				E220C66A2020C4FE003DBEE5 /* AppDelegate.m */,
				E220C66C2020C4FE003DBEE5 /* ViewController.h */,
				E220C66D2020C4FE003DBEE5 /* ViewController.m */,
				E220C66F2020C4FE003DBEE5 /* Main.storyboard */,
				E220C6722020C4FE003DBEE5 /* Assets.xcassets */,
				E220C6742020C4FE003DBEE5 /* LaunchScreen.storyboard */,
				E220C6772020C4FE003DBEE5 /* Info.plist */,
				E220C6782020C4FE003DBEE5 /* main.m */,
			);
			path = SampleProjectObjectiveC;
			sourceTree = "<group>";
		};
		E220C6802020C516003DBEE5 /* Products */ = {
			isa = PBXGroup;
			children = (
				E220C6842020C517003DBEE5 /* AnnecyMediaSDK.framework */,
			);
			name = Products;
			sourceTree = "<group>";
		};
/* End PBXGroup section */

/* Begin PBXNativeTarget section */
		E220C6652020C4FE003DBEE5 /* SampleProjectObjectiveC */ = {
			isa = PBXNativeTarget;
			buildConfigurationList = E220C67C2020C4FE003DBEE5 /* Build configuration list for PBXNativeTarget "SampleProjectObjectiveC" */;
			buildPhases = (
				E220C6622020C4FE003DBEE5 /* Sources */,
				E220C6632020C4FE003DBEE5 /* Frameworks */,
				E220C6642020C4FE003DBEE5 /* Resources */,
				E220C6892020C55E003DBEE5 /* Embed Frameworks */,
			);
			buildRules = (
			);
			dependencies = (
				E220C6882020C55E003DBEE5 /* PBXTargetDependency */,
			);
			name = SampleProjectObjectiveC;
			productName = SampleProjectObjectiveC;
			productReference = E220C6662020C4FE003DBEE5 /* SampleProjectObjectiveC.app */;
			productType = "com.apple.product-type.application";
		};
/* End PBXNativeTarget section */

/* Begin PBXProject section */
		E220C65E2020C4FE003DBEE5 /* Project object */ = {
			isa = PBXProject;
			attributes = {
				LastUpgradeCheck = 0920;
				ORGANIZATIONNAME = "GD Mobile GmbH";
				TargetAttributes = {
					E220C6652020C4FE003DBEE5 = {
						CreatedOnToolsVersion = 9.2;
						ProvisioningStyle = Automatic;
					};
				};
			};
			buildConfigurationList = E220C6612020C4FE003DBEE5 /* Build configuration list for PBXProject "SampleProjectObjectiveC" */;
			compatibilityVersion = "Xcode 8.0";
			developmentRegion = en;
			hasScannedForEncodings = 0;
			knownRegions = (
				en,
				Base,
			);
			mainGroup = E220C65D2020C4FE003DBEE5;
			productRefGroup = E220C6672020C4FE003DBEE5 /* Products */;
			projectDirPath = "";
			projectReferences = (
				{
					ProductGroup = E220C6802020C516003DBEE5 /* Products */;
					ProjectRef = E220C67F2020C516003DBEE5 /* AnnecyMediaSDK.xcodeproj */;
				},
			);
			projectRoot = "";
			targets = (
				E220C6652020C4FE003DBEE5 /* SampleProjectObjectiveC */,
			);
		};
/* End PBXProject section */

/* Begin PBXReferenceProxy section */
		E220C6842020C517003DBEE5 /* AnnecyMediaSDK.framework */ = {
			isa = PBXReferenceProxy;
			fileType = wrapper.framework;
			path = AnnecyMediaSDK.framework;
			remoteRef = E220C6832020C517003DBEE5 /* PBXContainerItemProxy */;
			sourceTree = BUILT_PRODUCTS_DIR;
		};
/* End PBXReferenceProxy section */

/* Begin PBXResourcesBuildPhase section */
		E220C6642020C4FE003DBEE5 /* Resources */ = {
			isa = PBXResourcesBuildPhase;
			buildActionMask = 2147483647;
			files = (
				E220C6762020C4FE003DBEE5 /* LaunchScreen.storyboard in Resources */,
				E220C6732020C4FE003DBEE5 /* Assets.xcassets in Resources */,
				E220C6712020C4FE003DBEE5 /* Main.storyboard in Resources */,
			);
			runOnlyForDeploymentPostprocessing = 0;
		};
/* End PBXResourcesBuildPhase section */

/* Begin PBXSourcesBuildPhase section */
		E220C6622020C4FE003DBEE5 /* Sources */ = {
			isa = PBXSourcesBuildPhase;
			buildActionMask = 2147483647;
			files = (
				E220C66E2020C4FE003DBEE5 /* ViewController.m in Sources */,
				E220C6792020C4FE003DBEE5 /* main.m in Sources */,
				E220C66B2020C4FE003DBEE5 /* AppDelegate.m in Sources */,
			);
			runOnlyForDeploymentPostprocessing = 0;
		};
/* End PBXSourcesBuildPhase section */

/* Begin PBXTargetDependency section */
		E220C6882020C55E003DBEE5 /* PBXTargetDependency */ = {
			isa = PBXTargetDependency;
			name = AnnecyMediaSDK;
			targetProxy = E220C6872020C55E003DBEE5 /* PBXContainerItemProxy */;
		};
/* End PBXTargetDependency section */

/* Begin PBXVariantGroup section */
		E220C66F2020C4FE003DBEE5 /* Main.storyboard */ = {
			isa = PBXVariantGroup;
			children = (
				E220C6702020C4FE003DBEE5 /* Base */,
			);
			name = Main.storyboard;
			sourceTree = "<group>";
		};
		E220C6742020C4FE003DBEE5 /* LaunchScreen.storyboard */ = {
			isa = PBXVariantGroup;
			children = (
				E220C6752020C4FE003DBEE5 /* Base */,
			);
			name = LaunchScreen.storyboard;
			sourceTree = "<group>";
		};
/* End PBXVariantGroup section */

/* Begin XCBuildConfiguration section */
		E220C67A2020C4FE003DBEE5 /* Debug */ = {
			isa = XCBuildConfiguration;
			buildSettings = {
				ALWAYS_SEARCH_USER_PATHS = NO;
				CLANG_ANALYZER_NONNULL = YES;
				CLANG_ANALYZER_NUMBER_OBJECT_CONVERSION = YES_AGGRESSIVE;
				CLANG_CXX_LANGUAGE_STANDARD = "gnu++14";
				CLANG_CXX_LIBRARY = "libc++";
				CLANG_ENABLE_MODULES = YES;
				CLANG_ENABLE_OBJC_ARC = YES;
				CLANG_WARN_BLOCK_CAPTURE_AUTORELEASING = YES;
				CLANG_WARN_BOOL_CONVERSION = YES;
				CLANG_WARN_COMMA = YES;
				CLANG_WARN_CONSTANT_CONVERSION = YES;
				CLANG_WARN_DIRECT_OBJC_ISA_USAGE = YES_ERROR;
				CLANG_WARN_DOCUMENTATION_COMMENTS = YES;
				CLANG_WARN_EMPTY_BODY = YES;
				CLANG_WARN_ENUM_CONVERSION = YES;
				CLANG_WARN_INFINITE_RECURSION = YES;
				CLANG_WARN_INT_CONVERSION = YES;
				CLANG_WARN_NON_LITERAL_NULL_CONVERSION = YES;
				CLANG_WARN_OBJC_LITERAL_CONVERSION = YES;
				CLANG_WARN_OBJC_ROOT_CLASS = YES_ERROR;
				CLANG_WARN_RANGE_LOOP_ANALYSIS = YES;
				CLANG_WARN_STRICT_PROTOTYPES = YES;
				CLANG_WARN_SUSPICIOUS_MOVE = YES;
				CLANG_WARN_UNGUARDED_AVAILABILITY = YES_AGGRESSIVE;
				CLANG_WARN_UNREACHABLE_CODE = YES;
				CLANG_WARN__DUPLICATE_METHOD_MATCH = YES;
				CODE_SIGN_IDENTITY = "iPhone Developer";
				COPY_PHASE_STRIP = NO;
				DEBUG_INFORMATION_FORMAT = dwarf;
				ENABLE_STRICT_OBJC_MSGSEND = YES;
				ENABLE_TESTABILITY = YES;
				GCC_C_LANGUAGE_STANDARD = gnu11;
				GCC_DYNAMIC_NO_PIC = NO;
				GCC_NO_COMMON_BLOCKS = YES;
				GCC_OPTIMIZATION_LEVEL = 0;
				GCC_PREPROCESSOR_DEFINITIONS = (
					"DEBUG=1",
					"$(inherited)",
				);
				GCC_WARN_64_TO_32_BIT_CONVERSION = YES;
				GCC_WARN_ABOUT_RETURN_TYPE = YES_ERROR;
				GCC_WARN_UNDECLARED_SELECTOR = YES;
				GCC_WARN_UNINITIALIZED_AUTOS = YES_AGGRESSIVE;
				GCC_WARN_UNUSED_FUNCTION = YES;
				GCC_WARN_UNUSED_VARIABLE = YES;
				IPHONEOS_DEPLOYMENT_TARGET = 11.2;
				MTL_ENABLE_DEBUG_INFO = YES;
				ONLY_ACTIVE_ARCH = YES;
				SDKROOT = iphoneos;
			};
			name = Debug;
		};
		E220C67B2020C4FE003DBEE5 /* Release */ = {
			isa = XCBuildConfiguration;
			buildSettings = {
				ALWAYS_SEARCH_USER_PATHS = NO;
				CLANG_ANALYZER_NONNULL = YES;
				CLANG_ANALYZER_NUMBER_OBJECT_CONVERSION = YES_AGGRESSIVE;
				CLANG_CXX_LANGUAGE_STANDARD = "gnu++14";
				CLANG_CXX_LIBRARY = "libc++";
				CLANG_ENABLE_MODULES = YES;
				CLANG_ENABLE_OBJC_ARC = YES;
				CLANG_WARN_BLOCK_CAPTURE_AUTORELEASING = YES;
				CLANG_WARN_BOOL_CONVERSION = YES;
				CLANG_WARN_COMMA = YES;
				CLANG_WARN_CONSTANT_CONVERSION = YES;
				CLANG_WARN_DIRECT_OBJC_ISA_USAGE = YES_ERROR;
				CLANG_WARN_DOCUMENTATION_COMMENTS = YES;
				CLANG_WARN_EMPTY_BODY = YES;
				CLANG_WARN_ENUM_CONVERSION = YES;
				CLANG_WARN_INFINITE_RECURSION = YES;
				CLANG_WARN_INT_CONVERSION = YES;
				CLANG_WARN_NON_LITERAL_NULL_CONVERSION = YES;
				CLANG_WARN_OBJC_LITERAL_CONVERSION = YES;
				CLANG_WARN_OBJC_ROOT_CLASS = YES_ERROR;
				CLANG_WARN_RANGE_LOOP_ANALYSIS = YES;
				CLANG_WARN_STRICT_PROTOTYPES = YES;
				CLANG_WARN_SUSPICIOUS_MOVE = YES;
				CLANG_WARN_UNGUARDED_AVAILABILITY = YES_AGGRESSIVE;
				CLANG_WARN_UNREACHABLE_CODE = YES;
				CLANG_WARN__DUPLICATE_METHOD_MATCH = YES;
				CODE_SIGN_IDENTITY = "iPhone Developer";
				COPY_PHASE_STRIP = NO;
				DEBUG_INFORMATION_FORMAT = "dwarf-with-dsym";
				ENABLE_NS_ASSERTIONS = NO;
				ENABLE_STRICT_OBJC_MSGSEND = YES;
				GCC_C_LANGUAGE_STANDARD = gnu11;
				GCC_NO_COMMON_BLOCKS = YES;
				GCC_WARN_64_TO_32_BIT_CONVERSION = YES;
				GCC_WARN_ABOUT_RETURN_TYPE = YES_ERROR;
				GCC_WARN_UNDECLARED_SELECTOR = YES;
				GCC_WARN_UNINITIALIZED_AUTOS = YES_AGGRESSIVE;
				GCC_WARN_UNUSED_FUNCTION = YES;
				GCC_WARN_UNUSED_VARIABLE = YES;
				IPHONEOS_DEPLOYMENT_TARGET = 11.2;
				MTL_ENABLE_DEBUG_INFO = NO;
				SDKROOT = iphoneos;
				VALIDATE_PRODUCT = YES;
			};
			name = Release;
		};
		E220C67D2020C4FE003DBEE5 /* Debug */ = {
			isa = XCBuildConfiguration;
			buildSettings = {
				ALWAYS_EMBED_SWIFT_STANDARD_LIBRARIES = YES;
				ASSETCATALOG_COMPILER_APPICON_NAME = AppIcon;
				CODE_SIGN_STYLE = Automatic;
				INFOPLIST_FILE = SampleProjectObjectiveC/Info.plist;
				LD_RUNPATH_SEARCH_PATHS = "$(inherited) @executable_path/Frameworks";
				PRODUCT_BUNDLE_IDENTIFIER = media.annecy.SampleProjectObjectiveC;
				PRODUCT_NAME = "$(TARGET_NAME)";
				TARGETED_DEVICE_FAMILY = "1,2";
			};
			name = Debug;
		};
		E220C67E2020C4FE003DBEE5 /* Release */ = {
			isa = XCBuildConfiguration;
			buildSettings = {
				ALWAYS_EMBED_SWIFT_STANDARD_LIBRARIES = YES;
				ASSETCATALOG_COMPILER_APPICON_NAME = AppIcon;
				CODE_SIGN_STYLE = Automatic;
				INFOPLIST_FILE = SampleProjectObjectiveC/Info.plist;
				LD_RUNPATH_SEARCH_PATHS = "$(inherited) @executable_path/Frameworks";
				PRODUCT_BUNDLE_IDENTIFIER = media.annecy.SampleProjectObjectiveC;
				PRODUCT_NAME = "$(TARGET_NAME)";
				TARGETED_DEVICE_FAMILY = "1,2";
			};
			name = Release;
		};
/* End XCBuildConfiguration section */

/* Begin XCConfigurationList section */
		E220C6612020C4FE003DBEE5 /* Build configuration list for PBXProject "SampleProjectObjectiveC" */ = {
			isa = XCConfigurationList;
			buildConfigurations = (
				E220C67A2020C4FE003DBEE5 /* Debug */,
				E220C67B2020C4FE003DBEE5 /* Release */,
			);
			defaultConfigurationIsVisible = 0;
			defaultConfigurationName = Release;
		};
		E220C67C2020C4FE003DBEE5 /* Build configuration list for PBXNativeTarget "SampleProjectObjectiveC" */ = {
			isa = XCConfigurationList;
			buildConfigurations = (
				E220C67D2020C4FE003DBEE5 /* Debug */,
				E220C67E2020C4FE003DBEE5 /* Release */,
			);
			defaultConfigurationIsVisible = 0;
			defaultConfigurationName = Release;
		};
/* End XCConfigurationList section */
	};
	rootObject = E220C65E2020C4FE003DBEE5 /* Project object */;
}
